github.com/bensema/gotdx v0.0.0-20260625154014-65d06686f484 h1:lPiPcfmSuruY23lbHgx+i5Mdqe6H7lPXaIZFYzH/YHQ=
github.com/bensema/gotdx v0.0.0-20260625154014-65d06686f484/go.mod h1:sJBiXDKX4zHEkZGuNWrJdFniEukKvoCeYnv/BJWBN74=
github.com/spf13/cast v1.10.0 h1:h2x0u2shc1QuLHfxi+cTJvs30+ZAHOGRic8uyGTDWxY=
github.com/spf13/cast v1.10.0/go.mod h1:jNfB8QC9IA6ZuY2ZjDp0KtFO2LZZlg4S/7bzP6qqeHo=
golang.org/x/text v0.35.0 h1:JOVx6vVDFokkpaq1AEptVzLTpDe9KGpj5tR4/X+ybL8=
golang.org/x/text v0.35.0/go.mod h1:khi/HExzZJ2pGnjenulevKNX1W67CUy0AsXcNubPGCA=
